
Microsoft Visual Studio Solution File, Format Version 12.00
# Visual Studio 14
VisualStudioVersion = 14.0.24720.0
MinimumVisualStudioVersion = 10.0.40219.1
Project("{151D2E53-A2C4-4D7D-83FE-D05416EBD58E}") = "NSBase", "AzureResourceGroup1\NSBase.deployproj", "{054D1B19-FF36-4A6A-B401-E935F2A18628}"
EndProject
Project("{151D2E53-A2C4-4D7D-83FE-D05416EBD58E}") = "NSNSG", "AzureResourceGroup2\NSNSG.deployproj", "{9C1850E9-3FEC-4D69-9C9D-9C1CAE579BE2}"
EndProject
Global
	GlobalSection(SolutionConfigurationPlatforms) = preSolution
		Debug|Any CPU = Debug|Any CPU
		Release|Any CPU = Release|Any CPU
	EndGlobalSection
	GlobalSection(ProjectConfigurationPlatforms) = postSolution
		{054D1B19-FF36-4A6A-B401-E935F2A18628}.Debug|Any CPU.ActiveCfg = Debug|Any CPU
		{054D1B19-FF36-4A6A-B401-E935F2A18628}.Debug|Any CPU.Build.0 = Debug|Any CPU
		{054D1B19-FF36-4A6A-B401-E935F2A18628}.Release|Any CPU.ActiveCfg = Release|Any CPU
		{054D1B19-FF36-4A6A-B401-E935F2A18628}.Release|Any CPU.Build.0 = Release|Any CPU
		{9C1850E9-3FEC-4D69-9C9D-9C1CAE579BE2}.Debug|Any CPU.ActiveCfg = Debug|Any CPU
		{9C1850E9-3FEC-4D69-9C9D-9C1CAE579BE2}.Debug|Any CPU.Build.0 = Debug|Any CPU
		{9C1850E9-3FEC-4D69-9C9D-9C1CAE579BE2}.Release|Any CPU.ActiveCfg = Release|Any CPU
		{9C1850E9-3FEC-4D69-9C9D-9C1CAE579BE2}.Release|Any CPU.Build.0 = Release|Any CPU
	EndGlobalSection
	GlobalSection(SolutionProperties) = preSolution
		HideSolutionNode = FALSE
	EndGlobalSection
EndGlobal
